
Microsoft Visual Studio Solution File, Format Version 12.00
# Visual Studio Version 17
VisualStudioVersion = 17.0.31919.166
MinimumVisualStudioVersion = 10.0.40219.1
Project("{FAE04EC0-301F-11D3-BF4B-00C04F79EFBC}") = "Rocky", "Rocky\Rocky.csproj", "{6B1184C7-9694-464B-8F83-F5F8B1A3C492}"
EndProject
Global
	GlobalSection(SolutionConfigurationPlatforms) = preSolution
		Debug|Any CPU = Debug|Any CPU
		Release|Any CPU = Release|Any CPU
	EndGlobalSection
	GlobalSection(ProjectConfigurationPlatforms) = postSolution
		{6B1184C7-9694-464B-8F83-F5F8B1A3C492}.Debug|Any CPU.ActiveCfg = Debug|Any CPU
		{6B1184C7-9694-464B-8F83-F5F8B1A3C492}.Debug|Any CPU.Build.0 = Debug|Any CPU
		{6B1184C7-9694-464B-8F83-F5F8B1A3C492}.Release|Any CPU.ActiveCfg = Release|Any CPU
		{6B1184C7-9694-464B-8F83-F5F8B1A3C492}.Release|Any CPU.Build.0 = Release|Any CPU
	EndGlobalSection
	GlobalSection(SolutionProperties) = preSolution
		HideSolutionNode = FALSE
	EndGlobalSection
	GlobalSection(ExtensibilityGlobals) = postSolution
		SolutionGuid = {56E72733-FF53-4943-AB76-21E8A046068D}
	EndGlobalSection
EndGlobal
